
Microsoft Visual Studio Solution File, Format Version 12.00
# Visual Studio Version 16
VisualStudioVersion = 16.0.34601.136
MinimumVisualStudioVersion = 10.0.40219.1
Project("{FAE04EC0-301F-11D3-BF4B-00C04F79EFBC}") = "cajeroATM", "cajeroATM.csproj", "{626D6F9B-A32C-4B47-BE7B-CAB5235F4740}"
EndProject
Global
	GlobalSection(SolutionConfigurationPlatforms) = preSolution
		Debug|Any CPU = Debug|Any CPU
		Release|Any CPU = Release|Any CPU
	EndGlobalSection
	GlobalSection(ProjectConfigurationPlatforms) = postSolution
		{626D6F9B-A32C-4B47-BE7B-CAB5235F4740}.Debug|Any CPU.ActiveCfg = Debug|Any CPU
		{626D6F9B-A32C-4B47-BE7B-CAB5235F4740}.Debug|Any CPU.Build.0 = Debug|Any CPU
		{626D6F9B-A32C-4B47-BE7B-CAB5235F4740}.Release|Any CPU.ActiveCfg = Release|Any CPU
		{626D6F9B-A32C-4B47-BE7B-CAB5235F4740}.Release|Any CPU.Build.0 = Release|Any CPU
	EndGlobalSection
	GlobalSection(SolutionProperties) = preSolution
		HideSolutionNode = FALSE
	EndGlobalSection
	GlobalSection(ExtensibilityGlobals) = postSolution
		SolutionGuid = {0D9BF8E6-CCAD-46C5-AF2B-04C45EC2097C}
	EndGlobalSection
EndGlobal
